
Microsoft Visual Studio Solution File, Format Version 12.00
# Visual Studio Version 17
VisualStudioVersion = 17.10.35122.118
MinimumVisualStudioVersion = 10.0.40219.1
Project("{FAE04EC0-301F-11D3-BF4B-00C04F79EFBC}") = "ClientSite", "ClientSite\ClientSite.csproj", "{936B0F1A-6E77-4A34-8AFC-439A79EE522E}"
EndProject
Global
	GlobalSection(SolutionConfigurationPlatforms) = preSolution
		Debug|Any CPU = Debug|Any CPU
		Release|Any CPU = Release|Any CPU
	EndGlobalSection
	GlobalSection(ProjectConfigurationPlatforms) = postSolution
		{936B0F1A-6E77-4A34-8AFC-439A79EE522E}.Debug|Any CPU.ActiveCfg = Debug|Any CPU
		{936B0F1A-6E77-4A34-8AFC-439A79EE522E}.Debug|Any CPU.Build.0 = Debug|Any CPU
		{936B0F1A-6E77-4A34-8AFC-439A79EE522E}.Release|Any CPU.ActiveCfg = Release|Any CPU
		{936B0F1A-6E77-4A34-8AFC-439A79EE522E}.Release|Any CPU.Build.0 = Release|Any CPU
	EndGlobalSection
	GlobalSection(SolutionProperties) = preSolution
		HideSolutionNode = FALSE
	EndGlobalSection
	GlobalSection(ExtensibilityGlobals) = postSolution
		SolutionGuid = {787D8E0E-357E-498A-93B7-7677F39F93F6}
	EndGlobalSection
EndGlobal
